
Microsoft Visual Studio Solution File, Format Version 12.00
# Visual Studio Version 16
VisualStudioVersion = 16.0.29911.84
MinimumVisualStudioVersion = 10.0.40219.1
Project("{FAE04EC0-301F-11D3-BF4B-00C04F79EFBC}") = "korona1", "korona1\korona1.csproj", "{8A5C6F13-AD3C-4960-94DF-FB023639ADA9}"
EndProject
Global
	GlobalSection(SolutionConfigurationPlatforms) = preSolution
		Debug|Any CPU = Debug|Any CPU
		Release|Any CPU = Release|Any CPU
	EndGlobalSection
	GlobalSection(ProjectConfigurationPlatforms) = postSolution
		{8A5C6F13-AD3C-4960-94DF-FB023639ADA9}.Debug|Any CPU.ActiveCfg = Debug|Any CPU
		{8A5C6F13-AD3C-4960-94DF-FB023639ADA9}.Debug|Any CPU.Build.0 = Debug|Any CPU
		{8A5C6F13-AD3C-4960-94DF-FB023639ADA9}.Release|Any CPU.ActiveCfg = Release|Any CPU
		{8A5C6F13-AD3C-4960-94DF-FB023639ADA9}.Release|Any CPU.Build.0 = Release|Any CPU
	EndGlobalSection
	GlobalSection(SolutionProperties) = preSolution
		HideSolutionNode = FALSE
	EndGlobalSection
	GlobalSection(ExtensibilityGlobals) = postSolution
		SolutionGuid = {B36378E4-8A37-4B64-ADC1-889F1A475727}
	EndGlobalSection
EndGlobal
